{
  "name": "y",
  "version": "1.0.0",
  "lockfileVersion": 1,
  "requires": true,
  "dependencies": {
    "animate.css": {
      "version": "3.7.2",
      "resolved": "https://registry.npm.taobao.org/animate.css/download/animate.css-3.7.2.tgz",
      "integrity": "sha1-5z4NUOkssc/vFZfZs4qUgQIOCOo="
    },
    "fullpage.js": {
      "version": "3.0.7",
      "resolved": "https://registry.npm.taobao.org/fullpage.js/download/fullpage.js-3.0.7.tgz",
      "integrity": "sha1-J9SBXzmtJgGb+W28dkSsfsYibzk="
    },
    "jquery": {
      "version": "3.5.0",
      "resolved": "https://registry.npmjs.org/jquery/-/jquery-3.5.0.tgz",
      "integrity": "sha512-Xb7SVYMvygPxbFMpTFQiHh1J7HClEaThguL15N/Gg37Lri/qKyhRGZYzHRyLH8Stq3Aow0LsHO2O2ci86fCrNQ=="
    }
  }
}
